
Microsoft Visual Studio Solution File, Format Version 12.00
# Visual Studio 14
VisualStudioVersion = 14.0.22823.1
MinimumVisualStudioVersion = 10.0.40219.1
Project("{2150E333-8FDC-42A3-9474-1A3956D46DE8}") = "src", "src", "{9F914A22-6034-48E5-9825-C9B050ED58E0}"
EndProject
Project("{2150E333-8FDC-42A3-9474-1A3956D46DE8}") = "Solution Items", "Solution Items", "{F7490559-5038-456A-AE1B-77521DF74855}"
	ProjectSection(SolutionItems) = preProject
		global.json = global.json
	EndProjectSection
EndProject
Project("{8BB2217D-0F2D-49D1-97BC-3654ED321F3B}") = "CloudCMS", "src\CloudCMS\CloudCMS.xproj", "{E84E1457-C22E-4F81-B097-129B6F39520F}"
EndProject
Global
	GlobalSection(SolutionConfigurationPlatforms) = preSolution
		Debug|Any CPU = Debug|Any CPU
		Release|Any CPU = Release|Any CPU
	EndGlobalSection
	GlobalSection(ProjectConfigurationPlatforms) = postSolution
		{E84E1457-C22E-4F81-B097-129B6F39520F}.Debug|Any CPU.ActiveCfg = Debug|Any CPU
		{E84E1457-C22E-4F81-B097-129B6F39520F}.Debug|Any CPU.Build.0 = Debug|Any CPU
		{E84E1457-C22E-4F81-B097-129B6F39520F}.Release|Any CPU.ActiveCfg = Release|Any CPU
		{E84E1457-C22E-4F81-B097-129B6F39520F}.Release|Any CPU.Build.0 = Release|Any CPU
	EndGlobalSection
	GlobalSection(SolutionProperties) = preSolution
		HideSolutionNode = FALSE
	EndGlobalSection
	GlobalSection(NestedProjects) = preSolution
		{E84E1457-C22E-4F81-B097-129B6F39520F} = {9F914A22-6034-48E5-9825-C9B050ED58E0}
	EndGlobalSection
EndGlobal
